
Microsoft Visual Studio Solution File, Format Version 12.00
# Visual Studio Version 16
VisualStudioVersion = 16.0.30621.155
MinimumVisualStudioVersion = 10.0.40219.1
Project("{FAE04EC0-301F-11D3-BF4B-00C04F79EFBC}") = "Orleans.AspNetCore.SignalR", "Orleans.AspNetCore.SignalR\Orleans.AspNetCore.SignalR.csproj", "{7BF8EF36-C711-4676-AEC5-F66DADDA1A9F}"
EndProject
Project("{FAE04EC0-301F-11D3-BF4B-00C04F79EFBC}") = "Orleans.AspNetCore.SignalR.Core", "Orleans.AspNetCore.SignalR.Core\Orleans.AspNetCore.SignalR.Core.csproj", "{62A09E38-D94C-41FC-B257-BC84DE4004BA}"
EndProject
Global
	GlobalSection(SolutionConfigurationPlatforms) = preSolution
		Debug|Any CPU = Debug|Any CPU
		Release|Any CPU = Release|Any CPU
	EndGlobalSection
	GlobalSection(ProjectConfigurationPlatforms) = postSolution
		{7BF8EF36-C711-4676-AEC5-F66DADDA1A9F}.Debug|Any CPU.ActiveCfg = Debug|Any CPU
		{7BF8EF36-C711-4676-AEC5-F66DADDA1A9F}.Debug|Any CPU.Build.0 = Debug|Any CPU
		{7BF8EF36-C711-4676-AEC5-F66DADDA1A9F}.Release|Any CPU.ActiveCfg = Release|Any CPU
		{7BF8EF36-C711-4676-AEC5-F66DADDA1A9F}.Release|Any CPU.Build.0 = Release|Any CPU
		{62A09E38-D94C-41FC-B257-BC84DE4004BA}.Debug|Any CPU.ActiveCfg = Debug|Any CPU
		{62A09E38-D94C-41FC-B257-BC84DE4004BA}.Debug|Any CPU.Build.0 = Debug|Any CPU
		{62A09E38-D94C-41FC-B257-BC84DE4004BA}.Release|Any CPU.ActiveCfg = Release|Any CPU
		{62A09E38-D94C-41FC-B257-BC84DE4004BA}.Release|Any CPU.Build.0 = Release|Any CPU
	EndGlobalSection
	GlobalSection(SolutionProperties) = preSolution
		HideSolutionNode = FALSE
	EndGlobalSection
	GlobalSection(ExtensibilityGlobals) = postSolution
		SolutionGuid = {3A4E3D23-6302-4B85-9FF1-7F1B8AF7A376}
	EndGlobalSection
EndGlobal
